
Microsoft Visual Studio Solution File, Format Version 12.00
# Visual Studio Version 16
VisualStudioVersion = 16.0.31624.102
MinimumVisualStudioVersion = 10.0.40219.1
Project("{FAE04EC0-301F-11D3-BF4B-00C04F79EFBC}") = "Concesionario.GUI", "Concesionario.GUI\Concesionario.GUI.csproj", "{C700A570-1762-4130-AE70-1792A7C96E28}"
EndProject
Project("{FAE04EC0-301F-11D3-BF4B-00C04F79EFBC}") = "Concesionario.GUI.Tests", "Concesionario.GUI.Tests\Concesionario.GUI.Tests.csproj", "{B71DEF97-C574-4BD5-8316-9472D0F4FB68}"
EndProject
Project("{2150E333-8FDC-42A3-9474-1A3956D46DE8}") = "1.Plataforma", "1.Plataforma", "{805BDE11-B2E5-4193-9F42-98975A906738}"
EndProject
Project("{2150E333-8FDC-42A3-9474-1A3956D46DE8}") = "2..Pruebas", "2..Pruebas", "{1BFE4980-0469-4AE7-B78D-3FE8F1B5E8DB}"
EndProject
Global
	GlobalSection(SolutionConfigurationPlatforms) = preSolution
		Debug|Any CPU = Debug|Any CPU
		Release|Any CPU = Release|Any CPU
	EndGlobalSection
	GlobalSection(ProjectConfigurationPlatforms) = postSolution
		{C700A570-1762-4130-AE70-1792A7C96E28}.Debug|Any CPU.ActiveCfg = Debug|Any CPU
		{C700A570-1762-4130-AE70-1792A7C96E28}.Debug|Any CPU.Build.0 = Debug|Any CPU
		{C700A570-1762-4130-AE70-1792A7C96E28}.Release|Any CPU.ActiveCfg = Release|Any CPU
		{C700A570-1762-4130-AE70-1792A7C96E28}.Release|Any CPU.Build.0 = Release|Any CPU
		{B71DEF97-C574-4BD5-8316-9472D0F4FB68}.Debug|Any CPU.ActiveCfg = Debug|Any CPU
		{B71DEF97-C574-4BD5-8316-9472D0F4FB68}.Debug|Any CPU.Build.0 = Debug|Any CPU
		{B71DEF97-C574-4BD5-8316-9472D0F4FB68}.Release|Any CPU.ActiveCfg = Release|Any CPU
		{B71DEF97-C574-4BD5-8316-9472D0F4FB68}.Release|Any CPU.Build.0 = Release|Any CPU
	EndGlobalSection
	GlobalSection(SolutionProperties) = preSolution
		HideSolutionNode = FALSE
	EndGlobalSection
	GlobalSection(NestedProjects) = preSolution
		{C700A570-1762-4130-AE70-1792A7C96E28} = {805BDE11-B2E5-4193-9F42-98975A906738}
		{B71DEF97-C574-4BD5-8316-9472D0F4FB68} = {1BFE4980-0469-4AE7-B78D-3FE8F1B5E8DB}
	EndGlobalSection
	GlobalSection(ExtensibilityGlobals) = postSolution
		SolutionGuid = {209E120B-0032-4FC1-B27C-EEA7E046DC86}
	EndGlobalSection
EndGlobal
